<?xml version="1.0" encoding="utf-8"?>
<Project ToolsVersion="4.0" xmlns="http://schemas.microsoft.com/developer/msbuild/2003">
  <ItemGroup>
    <Filter Include="Source Dateien">
      <UniqueIdentifier>{4FC737F1-C7A5-4376-A066-2A32D752A2FF}</UniqueIdentifier>
      <Extensions>cpp;cxx;c;def</Extensions>
    </Filter>
    <Filter Include="Header Dateien">
      <UniqueIdentifier>{93995380-89BD-4b04-88EB-625FBE52EBFB}</UniqueIdentifier>
      <Extensions>h</Extensions>
    </Filter>
    <Filter Include="Form Dateien">
      <UniqueIdentifier>{99349809-55BA-4b9d-BF79-8FDBB0286EB3}</UniqueIdentifier>
      <Extensions>ui</Extensions>
    </Filter>
    <Filter Include="Resource Dateien">
      <UniqueIdentifier>{D9D6E242-F8AF-46E4-B9FD-80ECBC20BA3E}</UniqueIdentifier>
      <Extensions>qrc;*</Extensions>
      <ParseFiles>false</ParseFiles>
    </Filter>
    <Filter Include="Generierte Dateien">
      <UniqueIdentifier>{71ED8ED8-ACB9-4CE9-BBE1-E00B30144E11}</UniqueIdentifier>
      <Extensions>moc;h;cpp</Extensions>
      <SourceControlFiles>False</SourceControlFiles>
    </Filter>
    <Filter Include="Generierte Dateien\Debug">
      <UniqueIdentifier>{3910e0ba-a2ee-4f30-aaaa-c6fb0e42febc}</UniqueIdentifier>
      <Extensions>cpp;moc</Extensions>
      <SourceControlFiles>False</SourceControlFiles>
    </Filter>
    <Filter Include="Generierte Dateien\Release">
      <UniqueIdentifier>{d5787a65-4da4-4a84-a099-75aae6874d97}</UniqueIdentifier>
      <Extensions>cpp;moc</Extensions>
      <SourceControlFiles>False</SourceControlFiles>
    </Filter>
  </ItemGroup>
  <ItemGroup>
    <ClCompile Include="stdafx.cpp">
      <Filter>Source Dateien</Filter>
    </ClCompile>
    <ClCompile Include="main.cpp">
      <Filter>Source Dateien</Filter>
    </ClCompile>
    <ClCompile Include="C3DViewWidget.cpp">
      <Filter>Source Dateien</Filter>
    </ClCompile>
    <ClCompile Include="GeneratedFiles\Debug\moc_C3DViewWidget.cpp">
      <Filter>Generierte Dateien\Debug</Filter>
    </ClCompile>
    <ClCompile Include="GeneratedFiles\Release\moc_C3DViewWidget.cpp">
      <Filter>Generierte Dateien\Release</Filter>
    </ClCompile>
    <ClCompile Include="GeneratedFiles\Debug\moc_CTestMainGUI.cpp">
      <Filter>Generierte Dateien\Debug</Filter>
    </ClCompile>
    <ClCompile Include="GeneratedFiles\Release\moc_CTestMainGUI.cpp">
      <Filter>Generierte Dateien\Release</Filter>
    </ClCompile>
    <ClCompile Include="CTestMainGUI.cpp">
      <Filter>Source Dateien</Filter>
    </ClCompile>
    <ClCompile Include="GeneratedFiles\qrc_CTestMainGUI.cpp">
      <Filter>Generierte Dateien</Filter>
    </ClCompile>
    <ClCompile Include="C3DFunctions.cpp">
      <Filter>Source Dateien</Filter>
    </ClCompile>
    <ClCompile Include="GeneratedFiles\Debug\moc_C3DFunctions.cpp">
      <Filter>Generierte Dateien\Debug</Filter>
    </ClCompile>
    <ClCompile Include="GeneratedFiles\Release\moc_C3DFunctions.cpp">
      <Filter>Generierte Dateien\Release</Filter>
    </ClCompile>
    <ClCompile Include="GeneratedFiles\Debug\moc_Progress3DLibRecv.cpp">
      <Filter>Generierte Dateien\Debug</Filter>
    </ClCompile>
    <ClCompile Include="GeneratedFiles\Release\moc_Progress3DLibRecv.cpp">
      <Filter>Generierte Dateien\Release</Filter>
    </ClCompile>
    <ClCompile Include="Progress3DLibRecv.cpp">
      <Filter>Source Dateien</Filter>
    </ClCompile>
    <ClCompile Include="CProgControl.cpp">
      <Filter>Source Dateien</Filter>
    </ClCompile>
    <ClCompile Include="..\Datenrecorder\Datenrecorder.cpp">
      <Filter>Source Dateien</Filter>
    </ClCompile>
    <ClCompile Include="..\.include\Thread.cpp">
      <Filter>Source Dateien</Filter>
    </ClCompile>
    <ClCompile Include="..\.include\TimeStamp.cpp">
      <Filter>Source Dateien</Filter>
    </ClCompile>
    <ClCompile Include="..\.include\XMLParameter.cpp">
      <Filter>Source Dateien</Filter>
    </ClCompile>
    <ClCompile Include="..\Datenrecorder\CEncoder.cpp">
      <Filter>Source Dateien</Filter>
    </ClCompile>
    <ClCompile Include="..\Datenrecorder\CScanner.cpp">
      <Filter>Source Dateien</Filter>
    </ClCompile>
    <ClCompile Include="..\.include\3DCalculation.cpp">
      <Filter>Source Dateien</Filter>
    </ClCompile>
    <ClCompile Include="..\.include\DebugOutput.cpp">
      <Filter>Source Dateien</Filter>
    </ClCompile>
    <ClCompile Include="..\.include\math_na.cpp">
      <Filter>Source Dateien</Filter>
    </ClCompile>
  </ItemGroup>
  <ItemGroup>
    <ClInclude Include="stdafx.h">
      <Filter>Header Dateien</Filter>
    </ClInclude>
    <ClInclude Include="GeneratedFiles\ui_C3DViewWidget.h">
      <Filter>Generierte Dateien</Filter>
    </ClInclude>
    <ClInclude Include="GeneratedFiles\ui_CTestMainGUI.h">
      <Filter>Generierte Dateien</Filter>
    </ClInclude>
    <ClInclude Include="CProgControl.h">
      <Filter>Header Dateien</Filter>
    </ClInclude>
    <ClInclude Include="..\Datenrecorder\Datenrecorder.h">
      <Filter>Header Dateien</Filter>
    </ClInclude>
    <ClInclude Include="..\.include\Thread.h">
      <Filter>Header Dateien</Filter>
    </ClInclude>
    <ClInclude Include="..\.include\TimeStamp.h">
      <Filter>Header Dateien</Filter>
    </ClInclude>
    <ClInclude Include="..\.include\XMLParameter.h">
      <Filter>Header Dateien</Filter>
    </ClInclude>
    <ClInclude Include="..\Datenrecorder\CEncoder.h">
      <Filter>Header Dateien</Filter>
    </ClInclude>
    <ClInclude Include="..\Datenrecorder\CScanner.h">
      <Filter>Header Dateien</Filter>
    </ClInclude>
    <ClInclude Include="..\.include\3DCalculation.h">
      <Filter>Header Dateien</Filter>
    </ClInclude>
    <ClInclude Include="..\.include\DebugOutput.h">
      <Filter>Header Dateien</Filter>
    </ClInclude>
    <ClInclude Include="..\.include\math_na.h">
      <Filter>Header Dateien</Filter>
    </ClInclude>
  </ItemGroup>
  <ItemGroup>
    <CustomBuild Include="C3DViewWidget.ui">
      <Filter>Form Dateien</Filter>
    </CustomBuild>
    <CustomBuild Include="CTestMainGUI.qrc">
      <Filter>Resource Dateien</Filter>
    </CustomBuild>
    <CustomBuild Include="CTestMainGUI.ui">
      <Filter>Form Dateien</Filter>
    </CustomBuild>
    <CustomBuild Include="C3DFunctions.h">
      <Filter>Header Dateien</Filter>
    </CustomBuild>
    <CustomBuild Include="C3DViewWidget.h">
      <Filter>Header Dateien</Filter>
    </CustomBuild>
    <CustomBuild Include="CTestMainGUI.h">
      <Filter>Header Dateien</Filter>
    </CustomBuild>
    <CustomBuild Include="Progress3DLibRecv.h">
      <Filter>Header Dateien</Filter>
    </CustomBuild>
  </ItemGroup>
</Project>